PODS:
  - FoundationExtension (0.1.0)
  - FTLabel (0.8.0)
  - SnapKit (3.2.0)

DEPENDENCIES:
  - FoundationExtension (from `https://github.com/Gaea-iOS/FoundationExtension.git`)
  - FTLabel (from `../`)
  - SnapKit

EXTERNAL SOURCES:
  FoundationExtension:
    :git: https://github.com/Gaea-iOS/FoundationExtension.git
  FTLabel:
    :path: ../

CHECKOUT OPTIONS:
  FoundationExtension:
    :commit: 996cc9426a50134be90a2f6a7e67ba31a8a96fc2
    :git: https://github.com/Gaea-iOS/FoundationExtension.git

SPEC CHECKSUMS:
  FoundationExtension: 5891bcac117018d40823663b29bbbc678b635e4c
  FTLabel: c20c941dd008b1c44a58f8711862e24f97bb7a55
  SnapKit: 1ca44df72cfa543218d177cb8aab029d10d86ea7

PODFILE CHECKSUM: 72cbb84ade78d7e6c0da497dd8d69636cfb815b9

COCOAPODS: 1.2.1
